// !$*UTF8*$!
{
	archiveVersion = 1;
	classes = {
	};
	objectVersion = 51;
	objects = {

/* Begin PBXBuildFile section */
		721688B8243398A600F04B42 /* UIWindow+Extensions.swift in Sources */ = {isa = PBXBuildFile; fileRef = 721688B7243398A600F04B42 /* UIWindow+Extensions.swift */; };
		721688BC2433A04500F04B42 /* DisplayLaunchpadsViewModel.swift in Sources */ = {isa = PBXBuildFile; fileRef = 721688BB2433A04500F04B42 /* DisplayLaunchpadsViewModel.swift */; };
		721688BF2433B43400F04B42 /* Location.swift in Sources */ = {isa = PBXBuildFile; fileRef = 721688BE2433B43400F04B42 /* Location.swift */; };
		721688C12433B5BE00F04B42 /* Launchpad.swift in Sources */ = {isa = PBXBuildFile; fileRef = 721688C02433B5BE00F04B42 /* Launchpad.swift */; };
		72315E3A243259BC00DC956D /* AppDelegate.swift in Sources */ = {isa = PBXBuildFile; fileRef = 72315E39243259BC00DC956D /* AppDelegate.swift */; };
		72315E3E243259BC00DC956D /* DisplayLaunchpadsVC.swift in Sources */ = {isa = PBXBuildFile; fileRef = 72315E3D243259BC00DC956D /* DisplayLaunchpadsVC.swift */; };
		72315E43243259C100DC956D /* Assets.xcassets in Resources */ = {isa = PBXBuildFile; fileRef = 72315E42243259C100DC956D /* Assets.xcassets */; };
		72315E46243259C100DC956D /* LaunchScreen.storyboard in Resources */ = {isa = PBXBuildFile; fileRef = 72315E44243259C100DC956D /* LaunchScreen.storyboard */; };
		72315E5824325C4100DC956D /* Coordinatable.swift in Sources */ = {isa = PBXBuildFile; fileRef = 72315E5724325C4100DC956D /* Coordinatable.swift */; };
		72315E5F24325E9200DC956D /* LaunchpadRouter.swift in Sources */ = {isa = PBXBuildFile; fileRef = 72315E5E24325E9200DC956D /* LaunchpadRouter.swift */; };
		72315E6124325F4300DC956D /* StackRoutable.swift in Sources */ = {isa = PBXBuildFile; fileRef = 72315E6024325F4300DC956D /* StackRoutable.swift */; };
		72315E6524325FC500DC956D /* Presentable.swift in Sources */ = {isa = PBXBuildFile; fileRef = 72315E6424325FC500DC956D /* Presentable.swift */; };
		72315E67243262A400DC956D /* LaunchpadsCoordinator.swift in Sources */ = {isa = PBXBuildFile; fileRef = 72315E66243262A400DC956D /* LaunchpadsCoordinator.swift */; };
		72315E6A243262F700DC956D /* ModuleFactory+LaunchpadsModuleFactory.swift in Sources */ = {isa = PBXBuildFile; fileRef = 72315E69243262F700DC956D /* ModuleFactory+LaunchpadsModuleFactory.swift */; };
		72315E6E243263E700DC956D /* LaunchpadsModuleFactory.swift in Sources */ = {isa = PBXBuildFile; fileRef = 72315E6D243263E700DC956D /* LaunchpadsModuleFactory.swift */; };
		72315E70243264DA00DC956D /* ModuleFactory.swift in Sources */ = {isa = PBXBuildFile; fileRef = 72315E6F243264DA00DC956D /* ModuleFactory.swift */; };
		72315E722432656800DC956D /* LaunchpadsStorage.swift in Sources */ = {isa = PBXBuildFile; fileRef = 72315E712432656800DC956D /* LaunchpadsStorage.swift */; };
		72315E752432680E00DC956D /* DisplayLaunchpadsModule.swift in Sources */ = {isa = PBXBuildFile; fileRef = 72315E742432680E00DC956D /* DisplayLaunchpadsModule.swift */; };
		72315E78243270DC00DC956D /* AppRoutable.swift in Sources */ = {isa = PBXBuildFile; fileRef = 72315E77243270DC00DC956D /* AppRoutable.swift */; };
		72315E7A2432745400DC956D /* AppRouter.swift in Sources */ = {isa = PBXBuildFile; fileRef = 72315E792432745400DC956D /* AppRouter.swift */; };
		72315E7F2432762C00DC956D /* AppCoordinator.swift in Sources */ = {isa = PBXBuildFile; fileRef = 72315E7E2432762C00DC956D /* AppCoordinator.swift */; };
		72315E812432795100DC956D /* CoordinatorGroup.swift in Sources */ = {isa = PBXBuildFile; fileRef = 72315E802432795100DC956D /* CoordinatorGroup.swift */; };
		72315E83243279AA00DC956D /* CoordinatorFactory.swift in Sources */ = {isa = PBXBuildFile; fileRef = 72315E82243279AA00DC956D /* CoordinatorFactory.swift */; };
		72315E8624327BBF00DC956D /* BaseCoordinator.swift in Sources */ = {isa = PBXBuildFile; fileRef = 72315E8524327BBF00DC956D /* BaseCoordinator.swift */; };
		BBE28A65F88B65B461B4742B /* Pods_SpaceXLaunchpads.framework in Frameworks */ = {isa = PBXBuildFile; fileRef = B92696A4E8804233408C4060 /* Pods_SpaceXLaunchpads.framework */; };
/* End PBXBuildFile section */

/* Begin PBXFileReference section */
		0E05A0BE6A5F54ECBB56BCD4 /* Pods-SpaceXLaunchpads.debug.xcconfig */ = {isa = PBXFileReference; includeInIndex = 1; lastKnownFileType = text.xcconfig; name = "Pods-SpaceXLaunchpads.debug.xcconfig"; path = "Target Support Files/Pods-SpaceXLaunchpads/Pods-SpaceXLaunchpads.debug.xcconfig"; sourceTree = "<group>"; };
		721688B7243398A600F04B42 /* UIWindow+Extensions.swift */ = {isa = PBXFileReference; lastKnownFileType = sourcecode.swift; path = "UIWindow+Extensions.swift"; sourceTree = "<group>"; };
		721688BB2433A04500F04B42 /* DisplayLaunchpadsViewModel.swift */ = {isa = PBXFileReference; lastKnownFileType = sourcecode.swift; path = DisplayLaunchpadsViewModel.swift; sourceTree = "<group>"; };
		721688BE2433B43400F04B42 /* Location.swift */ = {isa = PBXFileReference; lastKnownFileType = sourcecode.swift; path = Location.swift; sourceTree = "<group>"; };
		721688C02433B5BE00F04B42 /* Launchpad.swift */ = {isa = PBXFileReference; lastKnownFileType = sourcecode.swift; path = Launchpad.swift; sourceTree = "<group>"; };
		72315E36243259BC00DC956D /* SpaceXLaunchpads.app */ = {isa = PBXFileReference; explicitFileType = wrapper.application; includeInIndex = 0; path = SpaceXLaunchpads.app; sourceTree = BUILT_PRODUCTS_DIR; };
		72315E39243259BC00DC956D /* AppDelegate.swift */ = {isa = PBXFileReference; lastKnownFileType = sourcecode.swift; path = AppDelegate.swift; sourceTree = "<group>"; };
		72315E3D243259BC00DC956D /* DisplayLaunchpadsVC.swift */ = {isa = PBXFileReference; lastKnownFileType = sourcecode.swift; path = DisplayLaunchpadsVC.swift; sourceTree = "<group>"; };
		72315E42243259C100DC956D /* Assets.xcassets */ = {isa = PBXFileReference; lastKnownFileType = folder.assetcatalog; path = Assets.xcassets; sourceTree = "<group>"; };
		72315E45243259C100DC956D /* Base */ = {isa = PBXFileReference; lastKnownFileType = file.storyboard; name = Base; path = Base.lproj/LaunchScreen.storyboard; sourceTree = "<group>"; };
		72315E47243259C100DC956D /* Info.plist */ = {isa = PBXFileReference; lastKnownFileType = text.plist.xml; path = Info.plist; sourceTree = "<group>"; };
		72315E5724325C4100DC956D /* Coordinatable.swift */ = {isa = PBXFileReference; lastKnownFileType = sourcecode.swift; path = Coordinatable.swift; sourceTree = "<group>"; };
		72315E5E24325E9200DC956D /* LaunchpadRouter.swift */ = {isa = PBXFileReference; lastKnownFileType = sourcecode.swift; path = LaunchpadRouter.swift; sourceTree = "<group>"; };
		72315E6024325F4300DC956D /* StackRoutable.swift */ = {isa = PBXFileReference; lastKnownFileType = sourcecode.swift; path = StackRoutable.swift; sourceTree = "<group>"; };
		72315E6424325FC500DC956D /* Presentable.swift */ = {isa = PBXFileReference; lastKnownFileType = sourcecode.swift; path = Presentable.swift; sourceTree = "<group>"; };
		72315E66243262A400DC956D /* LaunchpadsCoordinator.swift */ = {isa = PBXFileReference; lastKnownFileType = sourcecode.swift; path = LaunchpadsCoordinator.swift; sourceTree = "<group>"; };
		72315E69243262F700DC956D /* ModuleFactory+LaunchpadsModuleFactory.swift */ = {isa = PBXFileReference; lastKnownFileType = sourcecode.swift; path = "ModuleFactory+LaunchpadsModuleFactory.swift"; sourceTree = "<group>"; };
		72315E6D243263E700DC956D /* LaunchpadsModuleFactory.swift */ = {isa = PBXFileReference; lastKnownFileType = sourcecode.swift; path = LaunchpadsModuleFactory.swift; sourceTree = "<group>"; };
		72315E6F243264DA00DC956D /* ModuleFactory.swift */ = {isa = PBXFileReference; lastKnownFileType = sourcecode.swift; path = ModuleFactory.swift; sourceTree = "<group>"; };
		72315E712432656800DC956D /* LaunchpadsStorage.swift */ = {isa = PBXFileReference; lastKnownFileType = sourcecode.swift; path = LaunchpadsStorage.swift; sourceTree = "<group>"; };
		72315E742432680E00DC956D /* DisplayLaunchpadsModule.swift */ = {isa = PBXFileReference; lastKnownFileType = sourcecode.swift; path = DisplayLaunchpadsModule.swift; sourceTree = "<group>"; };
		72315E77243270DC00DC956D /* AppRoutable.swift */ = {isa = PBXFileReference; lastKnownFileType = sourcecode.swift; path = AppRoutable.swift; sourceTree = "<group>"; };
		72315E792432745400DC956D /* AppRouter.swift */ = {isa = PBXFileReference; lastKnownFileType = sourcecode.swift; path = AppRouter.swift; sourceTree = "<group>"; };
		72315E7E2432762C00DC956D /* AppCoordinator.swift */ = {isa = PBXFileReference; lastKnownFileType = sourcecode.swift; path = AppCoordinator.swift; sourceTree = "<group>"; };
		72315E802432795100DC956D /* CoordinatorGroup.swift */ = {isa = PBXFileReference; lastKnownFileType = sourcecode.swift; path = CoordinatorGroup.swift; sourceTree = "<group>"; };
		72315E82243279AA00DC956D /* CoordinatorFactory.swift */ = {isa = PBXFileReference; lastKnownFileType = sourcecode.swift; path = CoordinatorFactory.swift; sourceTree = "<group>"; };
		72315E8524327BBF00DC956D /* BaseCoordinator.swift */ = {isa = PBXFileReference; lastKnownFileType = sourcecode.swift; path = BaseCoordinator.swift; sourceTree = "<group>"; };
		88696B6CD63006A631632761 /* Pods-SpaceXLaunchpads.release.xcconfig */ = {isa = PBXFileReference; includeInIndex = 1; lastKnownFileType = text.xcconfig; name = "Pods-SpaceXLaunchpads.release.xcconfig"; path = "Target Support Files/Pods-SpaceXLaunchpads/Pods-SpaceXLaunchpads.release.xcconfig"; sourceTree = "<group>"; };
		B92696A4E8804233408C4060 /* Pods_SpaceXLaunchpads.framework */ = {isa = PBXFileReference; explicitFileType = wrapper.framework; includeInIndex = 0; path = Pods_SpaceXLaunchpads.framework; sourceTree = BUILT_PRODUCTS_DIR; };
/* End PBXFileReference section */

/* Begin PBXFrameworksBuildPhase section */
		72315E33243259BC00DC956D /* Frameworks */ = {
			isa = PBXFrameworksBuildPhase;
			buildActionMask = 2147483647;
			files = (
				BBE28A65F88B65B461B4742B /* Pods_SpaceXLaunchpads.framework in Frameworks */,
			);
			runOnlyForDeploymentPostprocessing = 0;
		};
/* End PBXFrameworksBuildPhase section */

/* Begin PBXGroup section */
		0D8EFDCB355355770A137C20 /* Frameworks */ = {
			isa = PBXGroup;
			children = (
				B92696A4E8804233408C4060 /* Pods_SpaceXLaunchpads.framework */,
			);
			name = Frameworks;
			sourceTree = "<group>";
		};
		721688B62433989100F04B42 /* Extensions */ = {
			isa = PBXGroup;
			children = (
				721688B7243398A600F04B42 /* UIWindow+Extensions.swift */,
			);
			path = Extensions;
			sourceTree = "<group>";
		};
		721688B924339FD000F04B42 /* View */ = {
			isa = PBXGroup;
			children = (
				72315E3D243259BC00DC956D /* DisplayLaunchpadsVC.swift */,
				72315E732432680200DC956D /* Protocols */,
			);
			path = View;
			sourceTree = "<group>";
		};
		721688BA2433A03800F04B42 /* ViewModel */ = {
			isa = PBXGroup;
			children = (
				721688BB2433A04500F04B42 /* DisplayLaunchpadsViewModel.swift */,
			);
			path = ViewModel;
			sourceTree = "<group>";
		};
		721688BD2433AFD100F04B42 /* Model */ = {
			isa = PBXGroup;
			children = (
				721688BE2433B43400F04B42 /* Location.swift */,
				721688C02433B5BE00F04B42 /* Launchpad.swift */,
			);
			path = Model;
			sourceTree = "<group>";
		};
		72315E2D243259BC00DC956D = {
			isa = PBXGroup;
			children = (
				72315E38243259BC00DC956D /* SpaceXLaunchpads */,
				72315E37243259BC00DC956D /* Products */,
				C519A525640E918143D1C336 /* Pods */,
				0D8EFDCB355355770A137C20 /* Frameworks */,
			);
			sourceTree = "<group>";
		};
		72315E37243259BC00DC956D /* Products */ = {
			isa = PBXGroup;
			children = (
				72315E36243259BC00DC956D /* SpaceXLaunchpads.app */,
			);
			name = Products;
			sourceTree = "<group>";
		};
		72315E38243259BC00DC956D /* SpaceXLaunchpads */ = {
			isa = PBXGroup;
			children = (
				72315E4D24325A6700DC956D /* AppDelegate */,
				72315E4F24325A7C00DC956D /* Assets */,
				72315E5424325C2000DC956D /* Common */,
				72315E5124325A8B00DC956D /* Configuration */,
				721688B62433989100F04B42 /* Extensions */,
				72315E5024325A8300DC956D /* Launchscreen */,
				72315E5224325B6F00DC956D /* Modules */,
			);
			path = SpaceXLaunchpads;
			sourceTree = "<group>";
		};
		72315E4D24325A6700DC956D /* AppDelegate */ = {
			isa = PBXGroup;
			children = (
				72315E39243259BC00DC956D /* AppDelegate.swift */,
			);
			path = AppDelegate;
			sourceTree = "<group>";
		};
		72315E4E24325A7200DC956D /* DisplayLaunchpads */ = {
			isa = PBXGroup;
			children = (
				721688BD2433AFD100F04B42 /* Model */,
				721688BA2433A03800F04B42 /* ViewModel */,
				721688B924339FD000F04B42 /* View */,
			);
			path = DisplayLaunchpads;
			sourceTree = "<group>";
		};
		72315E4F24325A7C00DC956D /* Assets */ = {
			isa = PBXGroup;
			children = (
				72315E42243259C100DC956D /* Assets.xcassets */,
			);
			path = Assets;
			sourceTree = "<group>";
		};
		72315E5024325A8300DC956D /* Launchscreen */ = {
			isa = PBXGroup;
			children = (
				72315E44243259C100DC956D /* LaunchScreen.storyboard */,
			);
			path = Launchscreen;
			sourceTree = "<group>";
		};
		72315E5124325A8B00DC956D /* Configuration */ = {
			isa = PBXGroup;
			children = (
				72315E47243259C100DC956D /* Info.plist */,
			);
			path = Configuration;
			sourceTree = "<group>";
		};
		72315E5224325B6F00DC956D /* Modules */ = {
			isa = PBXGroup;
			children = (
				72315E5324325B7A00DC956D /* LaunchpadDetails */,
				72315E4E24325A7200DC956D /* DisplayLaunchpads */,
			);
			path = Modules;
			sourceTree = "<group>";
		};
		72315E5324325B7A00DC956D /* LaunchpadDetails */ = {
			isa = PBXGroup;
			children = (
			);
			path = LaunchpadDetails;
			sourceTree = "<group>";
		};
		72315E5424325C2000DC956D /* Common */ = {
			isa = PBXGroup;
			children = (
				72315E6B243263A900DC956D /* ModuleFactories */,
				72315E6224325F8800DC956D /* Presentable */,
				72315E5C24325E7600DC956D /* Routers */,
				72315E5524325C2700DC956D /* Coordinators */,
			);
			path = Common;
			sourceTree = "<group>";
		};
		72315E5524325C2700DC956D /* Coordinators */ = {
			isa = PBXGroup;
			children = (
				72315E8424327BB600DC956D /* Base */,
				72315E802432795100DC956D /* CoordinatorGroup.swift */,
				72315E7D2432762200DC956D /* AppCoordinator */,
				72315E68243262D800DC956D /* LaunchpadsCoordinator */,
				72315E5624325C3700DC956D /* Protocols */,
				72315E82243279AA00DC956D /* CoordinatorFactory.swift */,
			);
			path = Coordinators;
			sourceTree = "<group>";
		};
		72315E5624325C3700DC956D /* Protocols */ = {
			isa = PBXGroup;
			children = (
				72315E5724325C4100DC956D /* Coordinatable.swift */,
			);
			path = Protocols;
			sourceTree = "<group>";
		};
		72315E5C24325E7600DC956D /* Routers */ = {
			isa = PBXGroup;
			children = (
				72315E5E24325E9200DC956D /* LaunchpadRouter.swift */,
				72315E5D24325E7D00DC956D /* Protocols */,
				72315E792432745400DC956D /* AppRouter.swift */,
			);
			path = Routers;
			sourceTree = "<group>";
		};
		72315E5D24325E7D00DC956D /* Protocols */ = {
			isa = PBXGroup;
			children = (
				72315E6024325F4300DC956D /* StackRoutable.swift */,
				72315E77243270DC00DC956D /* AppRoutable.swift */,
			);
			path = Protocols;
			sourceTree = "<group>";
		};
		72315E6224325F8800DC956D /* Presentable */ = {
			isa = PBXGroup;
			children = (
				72315E6324325F9700DC956D /* Protocols */,
			);
			path = Presentable;
			sourceTree = "<group>";
		};
		72315E6324325F9700DC956D /* Protocols */ = {
			isa = PBXGroup;
			children = (
				72315E6424325FC500DC956D /* Presentable.swift */,
			);
			path = Protocols;
			sourceTree = "<group>";
		};
		72315E68243262D800DC956D /* LaunchpadsCoordinator */ = {
			isa = PBXGroup;
			children = (
				72315E66243262A400DC956D /* LaunchpadsCoordinator.swift */,
				72315E69243262F700DC956D /* ModuleFactory+LaunchpadsModuleFactory.swift */,
				72315E712432656800DC956D /* LaunchpadsStorage.swift */,
			);
			path = LaunchpadsCoordinator;
			sourceTree = "<group>";
		};
		72315E6B243263A900DC956D /* ModuleFactories */ = {
			isa = PBXGroup;
			children = (
				72315E6C243263C200DC956D /* Protocols */,
				72315E6F243264DA00DC956D /* ModuleFactory.swift */,
			);
			path = ModuleFactories;
			sourceTree = "<group>";
		};
		72315E6C243263C200DC956D /* Protocols */ = {
			isa = PBXGroup;
			children = (
				72315E6D243263E700DC956D /* LaunchpadsModuleFactory.swift */,
			);
			path = Protocols;
			sourceTree = "<group>";
		};
		72315E732432680200DC956D /* Protocols */ = {
			isa = PBXGroup;
			children = (
				72315E742432680E00DC956D /* DisplayLaunchpadsModule.swift */,
			);
			path = Protocols;
			sourceTree = "<group>";
		};
		72315E7D2432762200DC956D /* AppCoordinator */ = {
			isa = PBXGroup;
			children = (
				72315E7E2432762C00DC956D /* AppCoordinator.swift */,
			);
			path = AppCoordinator;
			sourceTree = "<group>";
		};
		72315E8424327BB600DC956D /* Base */ = {
			isa = PBXGroup;
			children = (
				72315E8524327BBF00DC956D /* BaseCoordinator.swift */,
			);
			path = Base;
			sourceTree = "<group>";
		};
		C519A525640E918143D1C336 /* Pods */ = {
			isa = PBXGroup;
			children = (
				0E05A0BE6A5F54ECBB56BCD4 /* Pods-SpaceXLaunchpads.debug.xcconfig */,
				88696B6CD63006A631632761 /* Pods-SpaceXLaunchpads.release.xcconfig */,
			);
			path = Pods;
			sourceTree = "<group>";
		};
/* End PBXGroup section */

/* Begin PBXNativeTarget section */
		72315E35243259BC00DC956D /* SpaceXLaunchpads */ = {
			isa = PBXNativeTarget;
			buildConfigurationList = 72315E4A243259C100DC956D /* Build configuration list for PBXNativeTarget "SpaceXLaunchpads" */;
			buildPhases = (
				A2CC298B702C184D00CFABE8 /* [CP] Check Pods Manifest.lock */,
				72315E32243259BC00DC956D /* Sources */,
				72315E33243259BC00DC956D /* Frameworks */,
				72315E34243259BC00DC956D /* Resources */,
				F9AC26FFE63D1B11CBBE2C7D /* [CP] Embed Pods Frameworks */,
			);
			buildRules = (
			);
			dependencies = (
			);
			name = SpaceXLaunchpads;
			productName = SpaceXLaunchpads;
			productReference = 72315E36243259BC00DC956D /* SpaceXLaunchpads.app */;
			productType = "com.apple.product-type.application";
		};
/* End PBXNativeTarget section */

/* Begin PBXProject section */
		72315E2E243259BC00DC956D /* Project object */ = {
			isa = PBXProject;
			attributes = {
				LastSwiftUpdateCheck = 1140;
				LastUpgradeCheck = 1140;
				ORGANIZATIONNAME = arturazarau;
				TargetAttributes = {
					72315E35243259BC00DC956D = {
						CreatedOnToolsVersion = 11.4;
					};
				};
			};
			buildConfigurationList = 72315E31243259BC00DC956D /* Build configuration list for PBXProject "SpaceXLaunchpads" */;
			compatibilityVersion = "Xcode 9.3";
			developmentRegion = en;
			hasScannedForEncodings = 0;
			knownRegions = (
				en,
				Base,
			);
			mainGroup = 72315E2D243259BC00DC956D;
			productRefGroup = 72315E37243259BC00DC956D /* Products */;
			projectDirPath = "";
			projectRoot = "";
			targets = (
				72315E35243259BC00DC956D /* SpaceXLaunchpads */,
			);
		};
/* End PBXProject section */

/* Begin PBXResourcesBuildPhase section */
		72315E34243259BC00DC956D /* Resources */ = {
			isa = PBXResourcesBuildPhase;
			buildActionMask = 2147483647;
			files = (
				72315E46243259C100DC956D /* LaunchScreen.storyboard in Resources */,
				72315E43243259C100DC956D /* Assets.xcassets in Resources */,
			);
			runOnlyForDeploymentPostprocessing = 0;
		};
/* End PBXResourcesBuildPhase section */

/* Begin PBXShellScriptBuildPhase section */
		A2CC298B702C184D00CFABE8 /* [CP] Check Pods Manifest.lock */ = {
			isa = PBXShellScriptBuildPhase;
			buildActionMask = 2147483647;
			files = (
			);
			inputFileListPaths = (
			);
			inputPaths = (
				"${PODS_PODFILE_DIR_PATH}/Podfile.lock",
				"${PODS_ROOT}/Manifest.lock",
			);
			name = "[CP] Check Pods Manifest.lock";
			outputFileListPaths = (
			);
			outputPaths = (
				"$(DERIVED_FILE_DIR)/Pods-SpaceXLaunchpads-checkManifestLockResult.txt",
			);
			runOnlyForDeploymentPostprocessing = 0;
			shellPath = /bin/sh;
			shellScript = "diff \"${PODS_PODFILE_DIR_PATH}/Podfile.lock\" \"${PODS_ROOT}/Manifest.lock\" > /dev/null\nif [ $? != 0 ] ; then\n    # print error to STDERR\n    echo \"error: The sandbox is not in sync with the Podfile.lock. Run 'pod install' or update your CocoaPods installation.\" >&2\n    exit 1\nfi\n# This output is used by Xcode 'outputs' to avoid re-running this script phase.\necho \"SUCCESS\" > \"${SCRIPT_OUTPUT_FILE_0}\"\n";
			showEnvVarsInLog = 0;
		};
		F9AC26FFE63D1B11CBBE2C7D /* [CP] Embed Pods Frameworks */ = {
			isa = PBXShellScriptBuildPhase;
			buildActionMask = 2147483647;
			files = (
			);
			inputFileListPaths = (
				"${PODS_ROOT}/Target Support Files/Pods-SpaceXLaunchpads/Pods-SpaceXLaunchpads-frameworks-${CONFIGURATION}-input-files.xcfilelist",
			);
			name = "[CP] Embed Pods Frameworks";
			outputFileListPaths = (
				"${PODS_ROOT}/Target Support Files/Pods-SpaceXLaunchpads/Pods-SpaceXLaunchpads-frameworks-${CONFIGURATION}-output-files.xcfilelist",
			);
			runOnlyForDeploymentPostprocessing = 0;
			shellPath = /bin/sh;
			shellScript = "\"${PODS_ROOT}/Target Support Files/Pods-SpaceXLaunchpads/Pods-SpaceXLaunchpads-frameworks.sh\"\n";
			showEnvVarsInLog = 0;
		};
/* End PBXShellScriptBuildPhase section */

/* Begin PBXSourcesBuildPhase section */
		72315E32243259BC00DC956D /* Sources */ = {
			isa = PBXSourcesBuildPhase;
			buildActionMask = 2147483647;
			files = (
				72315E6E243263E700DC956D /* LaunchpadsModuleFactory.swift in Sources */,
				72315E8624327BBF00DC956D /* BaseCoordinator.swift in Sources */,
				721688C12433B5BE00F04B42 /* Launchpad.swift in Sources */,
				72315E5F24325E9200DC956D /* LaunchpadRouter.swift in Sources */,
				72315E812432795100DC956D /* CoordinatorGroup.swift in Sources */,
				72315E70243264DA00DC956D /* ModuleFactory.swift in Sources */,
				72315E6A243262F700DC956D /* ModuleFactory+LaunchpadsModuleFactory.swift in Sources */,
				72315E7A2432745400DC956D /* AppRouter.swift in Sources */,
				72315E3E243259BC00DC956D /* DisplayLaunchpadsVC.swift in Sources */,
				72315E67243262A400DC956D /* LaunchpadsCoordinator.swift in Sources */,
				72315E6124325F4300DC956D /* StackRoutable.swift in Sources */,
				72315E3A243259BC00DC956D /* AppDelegate.swift in Sources */,
				72315E5824325C4100DC956D /* Coordinatable.swift in Sources */,
				721688BC2433A04500F04B42 /* DisplayLaunchpadsViewModel.swift in Sources */,
				721688BF2433B43400F04B42 /* Location.swift in Sources */,
				72315E78243270DC00DC956D /* AppRoutable.swift in Sources */,
				72315E722432656800DC956D /* LaunchpadsStorage.swift in Sources */,
				721688B8243398A600F04B42 /* UIWindow+Extensions.swift in Sources */,
				72315E7F2432762C00DC956D /* AppCoordinator.swift in Sources */,
				72315E6524325FC500DC956D /* Presentable.swift in Sources */,
				72315E83243279AA00DC956D /* CoordinatorFactory.swift in Sources */,
				72315E752432680E00DC956D /* DisplayLaunchpadsModule.swift in Sources */,
			);
			runOnlyForDeploymentPostprocessing = 0;
		};
/* End PBXSourcesBuildPhase section */

/* Begin PBXVariantGroup section */
		72315E44243259C100DC956D /* LaunchScreen.storyboard */ = {
			isa = PBXVariantGroup;
			children = (
				72315E45243259C100DC956D /* Base */,
			);
			name = LaunchScreen.storyboard;
			sourceTree = "<group>";
		};
/* End PBXVariantGroup section */

/* Begin XCBuildConfiguration section */
		72315E48243259C100DC956D /* Debug */ = {
			isa = XCBuildConfiguration;
			buildSettings = {
				ALWAYS_SEARCH_USER_PATHS = NO;
				CLANG_ANALYZER_NONNULL = YES;
				CLANG_ANALYZER_NUMBER_OBJECT_CONVERSION = YES_AGGRESSIVE;
				CLANG_CXX_LANGUAGE_STANDARD = "gnu++14";
				CLANG_CXX_LIBRARY = "libc++";
				CLANG_ENABLE_MODULES = YES;
				CLANG_ENABLE_OBJC_ARC = YES;
				CLANG_ENABLE_OBJC_WEAK = YES;
				CLANG_WARN_BLOCK_CAPTURE_AUTORELEASING = YES;
				CLANG_WARN_BOOL_CONVERSION = YES;
				CLANG_WARN_COMMA = YES;
				CLANG_WARN_CONSTANT_CONVERSION = YES;
				CLANG_WARN_DEPRECATED_OBJC_IMPLEMENTATIONS = YES;
				CLANG_WARN_DIRECT_OBJC_ISA_USAGE = YES_ERROR;
				CLANG_WARN_DOCUMENTATION_COMMENTS = YES;
				CLANG_WARN_EMPTY_BODY = YES;
				CLANG_WARN_ENUM_CONVERSION = YES;
				CLANG_WARN_INFINITE_RECURSION = YES;
				CLANG_WARN_INT_CONVERSION = YES;
				CLANG_WARN_NON_LITERAL_NULL_CONVERSION = YES;
				CLANG_WARN_OBJC_IMPLICIT_RETAIN_SELF = YES;
				CLANG_WARN_OBJC_LITERAL_CONVERSION = YES;
				CLANG_WARN_OBJC_ROOT_CLASS = YES_ERROR;
				CLANG_WARN_RANGE_LOOP_ANALYSIS = YES;
				CLANG_WARN_STRICT_PROTOTYPES = YES;
				CLANG_WARN_SUSPICIOUS_MOVE = YES;
				CLANG_WARN_UNGUARDED_AVAILABILITY = YES_AGGRESSIVE;
				CLANG_WARN_UNREACHABLE_CODE = YES;
				CLANG_WARN__DUPLICATE_METHOD_MATCH = YES;
				COPY_PHASE_STRIP = NO;
				DEBUG_INFORMATION_FORMAT = dwarf;
				ENABLE_STRICT_OBJC_MSGSEND = YES;
				ENABLE_TESTABILITY = YES;
				GCC_C_LANGUAGE_STANDARD = gnu11;
				GCC_DYNAMIC_NO_PIC = NO;
				GCC_NO_COMMON_BLOCKS = YES;
				GCC_OPTIMIZATION_LEVEL = 0;
				GCC_PREPROCESSOR_DEFINITIONS = (
					"DEBUG=1",
					"$(inherited)",
				);
				GCC_WARN_64_TO_32_BIT_CONVERSION = YES;
				GCC_WARN_ABOUT_RETURN_TYPE = YES_ERROR;
				GCC_WARN_UNDECLARED_SELECTOR = YES;
				GCC_WARN_UNINITIALIZED_AUTOS = YES_AGGRESSIVE;
				GCC_WARN_UNUSED_FUNCTION = YES;
				GCC_WARN_UNUSED_VARIABLE = YES;
				IPHONEOS_DEPLOYMENT_TARGET = 13.4;
				MTL_ENABLE_DEBUG_INFO = INCLUDE_SOURCE;
				MTL_FAST_MATH = YES;
				ONLY_ACTIVE_ARCH = YES;
				SDKROOT = iphoneos;
				SWIFT_ACTIVE_COMPILATION_CONDITIONS = DEBUG;
				SWIFT_OPTIMIZATION_LEVEL = "-Onone";
			};
			name = Debug;
		};
		72315E49243259C100DC956D /* Release */ = {
			isa = XCBuildConfiguration;
			buildSettings = {
				ALWAYS_SEARCH_USER_PATHS = NO;
				CLANG_ANALYZER_NONNULL = YES;
				CLANG_ANALYZER_NUMBER_OBJECT_CONVERSION = YES_AGGRESSIVE;
				CLANG_CXX_LANGUAGE_STANDARD = "gnu++14";
				CLANG_CXX_LIBRARY = "libc++";
				CLANG_ENABLE_MODULES = YES;
				CLANG_ENABLE_OBJC_ARC = YES;
				CLANG_ENABLE_OBJC_WEAK = YES;
				CLANG_WARN_BLOCK_CAPTURE_AUTORELEASING = YES;
				CLANG_WARN_BOOL_CONVERSION = YES;
				CLANG_WARN_COMMA = YES;
				CLANG_WARN_CONSTANT_CONVERSION = YES;
				CLANG_WARN_DEPRECATED_OBJC_IMPLEMENTATIONS = YES;
				CLANG_WARN_DIRECT_OBJC_ISA_USAGE = YES_ERROR;
				CLANG_WARN_DOCUMENTATION_COMMENTS = YES;
				CLANG_WARN_EMPTY_BODY = YES;
				CLANG_WARN_ENUM_CONVERSION = YES;
				CLANG_WARN_INFINITE_RECURSION = YES;
				CLANG_WARN_INT_CONVERSION = YES;
				CLANG_WARN_NON_LITERAL_NULL_CONVERSION = YES;
				CLANG_WARN_OBJC_IMPLICIT_RETAIN_SELF = YES;
				CLANG_WARN_OBJC_LITERAL_CONVERSION = YES;
				CLANG_WARN_OBJC_ROOT_CLASS = YES_ERROR;
				CLANG_WARN_RANGE_LOOP_ANALYSIS = YES;
				CLANG_WARN_STRICT_PROTOTYPES = YES;
				CLANG_WARN_SUSPICIOUS_MOVE = YES;
				CLANG_WARN_UNGUARDED_AVAILABILITY = YES_AGGRESSIVE;
				CLANG_WARN_UNREACHABLE_CODE = YES;
				CLANG_WARN__DUPLICATE_METHOD_MATCH = YES;
				COPY_PHASE_STRIP = NO;
				DEBUG_INFORMATION_FORMAT = "dwarf-with-dsym";
				ENABLE_NS_ASSERTIONS = NO;
				ENABLE_STRICT_OBJC_MSGSEND = YES;
				GCC_C_LANGUAGE_STANDARD = gnu11;
				GCC_NO_COMMON_BLOCKS = YES;
				GCC_WARN_64_TO_32_BIT_CONVERSION = YES;
				GCC_WARN_ABOUT_RETURN_TYPE = YES_ERROR;
				GCC_WARN_UNDECLARED_SELECTOR = YES;
				GCC_WARN_UNINITIALIZED_AUTOS = YES_AGGRESSIVE;
				GCC_WARN_UNUSED_FUNCTION = YES;
				GCC_WARN_UNUSED_VARIABLE = YES;
				IPHONEOS_DEPLOYMENT_TARGET = 13.4;
				MTL_ENABLE_DEBUG_INFO = NO;
				MTL_FAST_MATH = YES;
				SDKROOT = iphoneos;
				SWIFT_COMPILATION_MODE = wholemodule;
				SWIFT_OPTIMIZATION_LEVEL = "-O";
				VALIDATE_PRODUCT = YES;
			};
			name = Release;
		};
		72315E4B243259C100DC956D /* Debug */ = {
			isa = XCBuildConfiguration;
			baseConfigurationReference = 0E05A0BE6A5F54ECBB56BCD4 /* Pods-SpaceXLaunchpads.debug.xcconfig */;
			buildSettings = {
				ASSETCATALOG_COMPILER_APPICON_NAME = AppIcon;
				CODE_SIGN_STYLE = Automatic;
				DEVELOPMENT_TEAM = 9YH3LZQ69V;
				INFOPLIST_FILE = SpaceXLaunchpads/Configuration/Info.plist;
				IPHONEOS_DEPLOYMENT_TARGET = 11.0;
				LD_RUNPATH_SEARCH_PATHS = (
					"$(inherited)",
					"@executable_path/Frameworks",
				);
				PRODUCT_BUNDLE_IDENTIFIER = com.arturazarau.SpaceXLaunchpads;
				PRODUCT_NAME = "$(TARGET_NAME)";
				SWIFT_VERSION = 5.0;
				TARGETED_DEVICE_FAMILY = "1,2";
			};
			name = Debug;
		};
		72315E4C243259C100DC956D /* Release */ = {
			isa = XCBuildConfiguration;
			baseConfigurationReference = 88696B6CD63006A631632761 /* Pods-SpaceXLaunchpads.release.xcconfig */;
			buildSettings = {
				ASSETCATALOG_COMPILER_APPICON_NAME = AppIcon;
				CODE_SIGN_STYLE = Automatic;
				DEVELOPMENT_TEAM = 9YH3LZQ69V;
				INFOPLIST_FILE = SpaceXLaunchpads/Configuration/Info.plist;
				IPHONEOS_DEPLOYMENT_TARGET = 11.0;
				LD_RUNPATH_SEARCH_PATHS = (
					"$(inherited)",
					"@executable_path/Frameworks",
				);
				PRODUCT_BUNDLE_IDENTIFIER = com.arturazarau.SpaceXLaunchpads;
				PRODUCT_NAME = "$(TARGET_NAME)";
				SWIFT_VERSION = 5.0;
				TARGETED_DEVICE_FAMILY = "1,2";
			};
			name = Release;
		};
/* End XCBuildConfiguration section */

/* Begin XCConfigurationList section */
		72315E31243259BC00DC956D /* Build configuration list for PBXProject "SpaceXLaunchpads" */ = {
			isa = XCConfigurationList;
			buildConfigurations = (
				72315E48243259C100DC956D /* Debug */,
				72315E49243259C100DC956D /* Release */,
			);
			defaultConfigurationIsVisible = 0;
			defaultConfigurationName = Release;
		};
		72315E4A243259C100DC956D /* Build configuration list for PBXNativeTarget "SpaceXLaunchpads" */ = {
			isa = XCConfigurationList;
			buildConfigurations = (
				72315E4B243259C100DC956D /* Debug */,
				72315E4C243259C100DC956D /* Release */,
			);
			defaultConfigurationIsVisible = 0;
			defaultConfigurationName = Release;
		};
/* End XCConfigurationList section */
	};
	rootObject = 72315E2E243259BC00DC956D /* Project object */;
}
