PODS:
  - ObjectMapper (3.5.2)
  - PromiseKit (6.13.1):
    - PromiseKit/CorePromise (= 6.13.1)
    - PromiseKit/Foundation (= 6.13.1)
    - PromiseKit/UIKit (= 6.13.1)
  - PromiseKit/CorePromise (6.13.1)
  - PromiseKit/Foundation (6.13.1):
    - PromiseKit/CorePromise
  - PromiseKit/UIKit (6.13.1):
    - PromiseKit/CorePromise
  - Realm (4.4.0):
    - Realm/Headers (= 4.4.0)
  - Realm/Headers (4.4.0)
  - RealmSwift (4.4.0):
    - Realm (= 4.4.0)
  - SnapKit (5.0.1)

DEPENDENCIES:
  - ObjectMapper
  - PromiseKit
  - RealmSwift
  - SnapKit

SPEC REPOS:
  trunk:
    - ObjectMapper
    - PromiseKit
    - Realm
    - RealmSwift
    - SnapKit

SPEC CHECKSUMS:
  ObjectMapper: b53ae947d370bf89423e86be7d4e2d2b2a8d3f40
  PromiseKit: 28fda91c973cc377875d8c0ea4f973013c05b6db
  Realm: e125f464884cda953ebefe70c671b75b03b81b9b
  RealmSwift: 33656a42bd300959a081fc13347376bc478071af
  SnapKit: 97b92857e3df3a0c71833cce143274bf6ef8e5eb

PODFILE CHECKSUM: 8ee499de029fc1defa4443afe29f3352939f3b89

COCOAPODS: 1.9.1
